
Microsoft Visual Studio Solution File, Format Version 12.00
# Visual Studio Version 16
VisualStudioVersion = 16.0.28803.352
MinimumVisualStudioVersion = 10.0.40219.1
Project("{FAE04EC0-301F-11D3-BF4B-00C04F79EFBC}") = "Experian", "Experian\Experian.csproj", "{A6B92F16-C854-416D-93B9-F07EEC33EE2F}"
EndProject
Global
	GlobalSection(SolutionConfigurationPlatforms) = preSolution
		Debug|Any CPU = Debug|Any CPU
		Release|Any CPU = Release|Any CPU
	EndGlobalSection
	GlobalSection(ProjectConfigurationPlatforms) = postSolution
		{A6B92F16-C854-416D-93B9-F07EEC33EE2F}.Debug|Any CPU.ActiveCfg = Debug|Any CPU
		{A6B92F16-C854-416D-93B9-F07EEC33EE2F}.Debug|Any CPU.Build.0 = Debug|Any CPU
		{A6B92F16-C854-416D-93B9-F07EEC33EE2F}.Release|Any CPU.ActiveCfg = Release|Any CPU
		{A6B92F16-C854-416D-93B9-F07EEC33EE2F}.Release|Any CPU.Build.0 = Release|Any CPU
	EndGlobalSection
	GlobalSection(SolutionProperties) = preSolution
		HideSolutionNode = FALSE
	EndGlobalSection
	GlobalSection(ExtensibilityGlobals) = postSolution
		SolutionGuid = {4B753F62-9E11-4276-A046-256FAE6D7991}
	EndGlobalSection
EndGlobal
